
Microsoft Visual Studio Solution File, Format Version 12.00
# Visual Studio Version 16
VisualStudioVersion = 16.0.31424.327
MinimumVisualStudioVersion = 10.0.40219.1
Project("{FAE04EC0-301F-11D3-BF4B-00C04F79EFBC}") = "AdvancedConcepts", "AdvancedConcepts\AdvancedConcepts.csproj", "{B214673A-31F5-41ED-91C3-DC187D6A5A48}"
EndProject
Global
	GlobalSection(SolutionConfigurationPlatforms) = preSolution
		Debug|Any CPU = Debug|Any CPU
		Release|Any CPU = Release|Any CPU
	EndGlobalSection
	GlobalSection(ProjectConfigurationPlatforms) = postSolution
		{B214673A-31F5-41ED-91C3-DC187D6A5A48}.Debug|Any CPU.ActiveCfg = Debug|Any CPU
		{B214673A-31F5-41ED-91C3-DC187D6A5A48}.Debug|Any CPU.Build.0 = Debug|Any CPU
		{B214673A-31F5-41ED-91C3-DC187D6A5A48}.Release|Any CPU.ActiveCfg = Release|Any CPU
		{B214673A-31F5-41ED-91C3-DC187D6A5A48}.Release|Any CPU.Build.0 = Release|Any CPU
	EndGlobalSection
	GlobalSection(SolutionProperties) = preSolution
		HideSolutionNode = FALSE
	EndGlobalSection
	GlobalSection(ExtensibilityGlobals) = postSolution
		SolutionGuid = {890C7B5F-D348-4405-B646-D7A506AF44D4}
	EndGlobalSection
EndGlobal
